
Microsoft Visual Studio Solution File, Format Version 12.00
# Visual Studio 15
VisualStudioVersion = 15.0.26430.15
MinimumVisualStudioVersion = 10.0.40219.1
Project("{FAE04EC0-301F-11D3-BF4B-00C04F79EFBC}") = "nUpdate.Test", "nUpdate.Test\nUpdate.Test.csproj", "{4BF8AB62-1A33-49BB-8054-B154D3E64957}"
EndProject
Project("{FAE04EC0-301F-11D3-BF4B-00C04F79EFBC}") = "nUpdate.UpdateInstaller", "nUpdate.UpdateInstaller\nUpdate.UpdateInstaller.csproj", "{2BBC927A-B18C-4BFE-8325-D9387F217095}"
EndProject
Project("{FAE04EC0-301F-11D3-BF4B-00C04F79EFBC}") = "nUpdate.UpdateInstaller.UserInterface", "nUpdate.Client.GuiInterface\nUpdate.UpdateInstaller.UserInterface.csproj", "{5E63208A-8F06-4B99-A41D-F469BE4CFD00}"
EndProject
Project("{2150E333-8FDC-42A3-9474-1A3956D46DE8}") = ".nuget", ".nuget", "{C106649D-F4C0-4F98-8D9E-AF35793E405A}"
	ProjectSection(SolutionItems) = preProject
		.nuget\NuGet.Config = .nuget\NuGet.Config
		.nuget\NuGet.exe = .nuget\NuGet.exe
		.nuget\NuGet.targets = .nuget\NuGet.targets
	EndProjectSection
EndProject
Project("{FAE04EC0-301F-11D3-BF4B-00C04F79EFBC}") = "nUpdate.UI.WinForms", "nUpdate.UI.WinForms\nUpdate.UI.WinForms.csproj", "{E57F6F42-7F87-4BD0-A055-33D13C81EC8F}"
EndProject
Project("{FAE04EC0-301F-11D3-BF4B-00C04F79EFBC}") = "nUpdate.Administration", "nUpdate.Administration\nUpdate.Administration.csproj", "{5A553CC2-3F8A-45A7-94CE-0771F3F041E1}"
EndProject
Project("{FAE04EC0-301F-11D3-BF4B-00C04F79EFBC}") = "nUpdate.Administration.Test", "nUpdate.Administration.Test\nUpdate.Administration.Test.csproj", "{2AF16B52-4334-45CE-B3DB-B005D5690575}"
EndProject
Project("{9A19103F-16F7-4668-BE54-9A1E7A4F7556}") = "nUpdate", "nUpdate\nUpdate.csproj", "{E68DD6C6-82DD-4837-BC94-431E6C41B6FE}"
EndProject
Project("{9A19103F-16F7-4668-BE54-9A1E7A4F7556}") = "nUpdate.Administration.ViewModels", "nUpdate.Administration.ViewModels\nUpdate.Administration.ViewModels.csproj", "{377EC4B4-461A-44ED-8719-5A0B799F00D9}"
EndProject
Project("{9A19103F-16F7-4668-BE54-9A1E7A4F7556}") = "nUpdate.Administration.Common", "nUpdate.Administration.Common\nUpdate.Administration.Common.csproj", "{0A1F6926-5B7B-4240-A539-951ACFDC980C}"
EndProject
Global
	GlobalSection(SolutionConfigurationPlatforms) = preSolution
		Debug|Any CPU = Debug|Any CPU
		Debug|ARM = Debug|ARM
		Debug|Mixed Platforms = Debug|Mixed Platforms
		Debug|x64 = Debug|x64
		Debug|x86 = Debug|x86
		Release|Any CPU = Release|Any CPU
		Release|ARM = Release|ARM
		Release|Mixed Platforms = Release|Mixed Platforms
		Release|x64 = Release|x64
		Release|x86 = Release|x86
	EndGlobalSection
	GlobalSection(ProjectConfigurationPlatforms) = postSolution
		{4BF8AB62-1A33-49BB-8054-B154D3E64957}.Debug|Any CPU.ActiveCfg = Debug|Any CPU
		{4BF8AB62-1A33-49BB-8054-B154D3E64957}.Debug|Any CPU.Build.0 = Debug|Any CPU
		{4BF8AB62-1A33-49BB-8054-B154D3E64957}.Debug|ARM.ActiveCfg = Debug|Any CPU
		{4BF8AB62-1A33-49BB-8054-B154D3E64957}.Debug|ARM.Build.0 = Debug|Any CPU
		{4BF8AB62-1A33-49BB-8054-B154D3E64957}.Debug|Mixed Platforms.ActiveCfg = Debug|Any CPU
		{4BF8AB62-1A33-49BB-8054-B154D3E64957}.Debug|Mixed Platforms.Build.0 = Debug|Any CPU
		{4BF8AB62-1A33-49BB-8054-B154D3E64957}.Debug|x64.ActiveCfg = Debug|Any CPU
		{4BF8AB62-1A33-49BB-8054-B154D3E64957}.Debug|x64.Build.0 = Debug|Any CPU
		{4BF8AB62-1A33-49BB-8054-B154D3E64957}.Debug|x86.ActiveCfg = Debug|Any CPU
		{4BF8AB62-1A33-49BB-8054-B154D3E64957}.Release|Any CPU.ActiveCfg = Debug|Any CPU
		{4BF8AB62-1A33-49BB-8054-B154D3E64957}.Release|Any CPU.Build.0 = Debug|Any CPU
		{4BF8AB62-1A33-49BB-8054-B154D3E64957}.Release|ARM.ActiveCfg = Release|Any CPU
		{4BF8AB62-1A33-49BB-8054-B154D3E64957}.Release|ARM.Build.0 = Release|Any CPU
		{4BF8AB62-1A33-49BB-8054-B154D3E64957}.Release|Mixed Platforms.ActiveCfg = Release|Any CPU
		{4BF8AB62-1A33-49BB-8054-B154D3E64957}.Release|Mixed Platforms.Build.0 = Release|Any CPU
		{4BF8AB62-1A33-49BB-8054-B154D3E64957}.Release|x64.ActiveCfg = Release|Any CPU
		{4BF8AB62-1A33-49BB-8054-B154D3E64957}.Release|x64.Build.0 = Release|Any CPU
		{4BF8AB62-1A33-49BB-8054-B154D3E64957}.Release|x86.ActiveCfg = Release|Any CPU
		{2BBC927A-B18C-4BFE-8325-D9387F217095}.Debug|Any CPU.ActiveCfg = Debug|Any CPU
		{2BBC927A-B18C-4BFE-8325-D9387F217095}.Debug|Any CPU.Build.0 = Debug|Any CPU
		{2BBC927A-B18C-4BFE-8325-D9387F217095}.Debug|ARM.ActiveCfg = Debug|Any CPU
		{2BBC927A-B18C-4BFE-8325-D9387F217095}.Debug|ARM.Build.0 = Debug|Any CPU
		{2BBC927A-B18C-4BFE-8325-D9387F217095}.Debug|Mixed Platforms.ActiveCfg = Debug|Any CPU
		{2BBC927A-B18C-4BFE-8325-D9387F217095}.Debug|Mixed Platforms.Build.0 = Debug|Any CPU
		{2BBC927A-B18C-4BFE-8325-D9387F217095}.Debug|x64.ActiveCfg = Debug|Any CPU
		{2BBC927A-B18C-4BFE-8325-D9387F217095}.Debug|x64.Build.0 = Debug|Any CPU
		{2BBC927A-B18C-4BFE-8325-D9387F217095}.Debug|x86.ActiveCfg = Debug|Any CPU
		{2BBC927A-B18C-4BFE-8325-D9387F217095}.Release|Any CPU.ActiveCfg = Debug|Any CPU
		{2BBC927A-B18C-4BFE-8325-D9387F217095}.Release|Any CPU.Build.0 = Debug|Any CPU
		{2BBC927A-B18C-4BFE-8325-D9387F217095}.Release|ARM.ActiveCfg = Release|Any CPU
		{2BBC927A-B18C-4BFE-8325-D9387F217095}.Release|ARM.Build.0 = Release|Any CPU
		{2BBC927A-B18C-4BFE-8325-D9387F217095}.Release|Mixed Platforms.ActiveCfg = Release|Any CPU
		{2BBC927A-B18C-4BFE-8325-D9387F217095}.Release|Mixed Platforms.Build.0 = Release|Any CPU
		{2BBC927A-B18C-4BFE-8325-D9387F217095}.Release|x64.ActiveCfg = Release|Any CPU
		{2BBC927A-B18C-4BFE-8325-D9387F217095}.Release|x64.Build.0 = Release|Any CPU
		{2BBC927A-B18C-4BFE-8325-D9387F217095}.Release|x86.ActiveCfg = Release|Any CPU
		{5E63208A-8F06-4B99-A41D-F469BE4CFD00}.Debug|Any CPU.ActiveCfg = Debug|Any CPU
		{5E63208A-8F06-4B99-A41D-F469BE4CFD00}.Debug|Any CPU.Build.0 = Debug|Any CPU
		{5E63208A-8F06-4B99-A41D-F469BE4CFD00}.Debug|ARM.ActiveCfg = Debug|Any CPU
		{5E63208A-8F06-4B99-A41D-F469BE4CFD00}.Debug|ARM.Build.0 = Debug|Any CPU
		{5E63208A-8F06-4B99-A41D-F469BE4CFD00}.Debug|Mixed Platforms.ActiveCfg = Debug|Any CPU
		{5E63208A-8F06-4B99-A41D-F469BE4CFD00}.Debug|Mixed Platforms.Build.0 = Debug|Any CPU
		{5E63208A-8F06-4B99-A41D-F469BE4CFD00}.Debug|x64.ActiveCfg = Debug|Any CPU
		{5E63208A-8F06-4B99-A41D-F469BE4CFD00}.Debug|x64.Build.0 = Debug|Any CPU
		{5E63208A-8F06-4B99-A41D-F469BE4CFD00}.Debug|x86.ActiveCfg = Debug|Any CPU
		{5E63208A-8F06-4B99-A41D-F469BE4CFD00}.Release|Any CPU.ActiveCfg = Debug|Any CPU
		{5E63208A-8F06-4B99-A41D-F469BE4CFD00}.Release|Any CPU.Build.0 = Debug|Any CPU
		{5E63208A-8F06-4B99-A41D-F469BE4CFD00}.Release|ARM.ActiveCfg = Release|Any CPU
		{5E63208A-8F06-4B99-A41D-F469BE4CFD00}.Release|ARM.Build.0 = Release|Any CPU
		{5E63208A-8F06-4B99-A41D-F469BE4CFD00}.Release|Mixed Platforms.ActiveCfg = Release|Any CPU
		{5E63208A-8F06-4B99-A41D-F469BE4CFD00}.Release|Mixed Platforms.Build.0 = Release|Any CPU
		{5E63208A-8F06-4B99-A41D-F469BE4CFD00}.Release|x64.ActiveCfg = Release|Any CPU
		{5E63208A-8F06-4B99-A41D-F469BE4CFD00}.Release|x64.Build.0 = Release|Any CPU
		{5E63208A-8F06-4B99-A41D-F469BE4CFD00}.Release|x86.ActiveCfg = Release|Any CPU
		{E57F6F42-7F87-4BD0-A055-33D13C81EC8F}.Debug|Any CPU.ActiveCfg = Debug|Any CPU
		{E57F6F42-7F87-4BD0-A055-33D13C81EC8F}.Debug|Any CPU.Build.0 = Debug|Any CPU
		{E57F6F42-7F87-4BD0-A055-33D13C81EC8F}.Debug|ARM.ActiveCfg = Debug|Any CPU
		{E57F6F42-7F87-4BD0-A055-33D13C81EC8F}.Debug|ARM.Build.0 = Debug|Any CPU
		{E57F6F42-7F87-4BD0-A055-33D13C81EC8F}.Debug|Mixed Platforms.ActiveCfg = Debug|Any CPU
		{E57F6F42-7F87-4BD0-A055-33D13C81EC8F}.Debug|Mixed Platforms.Build.0 = Debug|Any CPU
		{E57F6F42-7F87-4BD0-A055-33D13C81EC8F}.Debug|x64.ActiveCfg = Debug|Any CPU
		{E57F6F42-7F87-4BD0-A055-33D13C81EC8F}.Debug|x64.Build.0 = Debug|Any CPU
		{E57F6F42-7F87-4BD0-A055-33D13C81EC8F}.Debug|x86.ActiveCfg = Debug|Any CPU
		{E57F6F42-7F87-4BD0-A055-33D13C81EC8F}.Debug|x86.Build.0 = Debug|Any CPU
		{E57F6F42-7F87-4BD0-A055-33D13C81EC8F}.Release|Any CPU.ActiveCfg = Release|Any CPU
		{E57F6F42-7F87-4BD0-A055-33D13C81EC8F}.Release|Any CPU.Build.0 = Release|Any CPU
		{E57F6F42-7F87-4BD0-A055-33D13C81EC8F}.Release|ARM.ActiveCfg = Release|Any CPU
		{E57F6F42-7F87-4BD0-A055-33D13C81EC8F}.Release|ARM.Build.0 = Release|Any CPU
		{E57F6F42-7F87-4BD0-A055-33D13C81EC8F}.Release|Mixed Platforms.ActiveCfg = Release|Any CPU
		{E57F6F42-7F87-4BD0-A055-33D13C81EC8F}.Release|Mixed Platforms.Build.0 = Release|Any CPU
		{E57F6F42-7F87-4BD0-A055-33D13C81EC8F}.Release|x64.ActiveCfg = Release|Any CPU
		{E57F6F42-7F87-4BD0-A055-33D13C81EC8F}.Release|x64.Build.0 = Release|Any CPU
		{E57F6F42-7F87-4BD0-A055-33D13C81EC8F}.Release|x86.ActiveCfg = Release|Any CPU
		{E57F6F42-7F87-4BD0-A055-33D13C81EC8F}.Release|x86.Build.0 = Release|Any CPU
		{5A553CC2-3F8A-45A7-94CE-0771F3F041E1}.Debug|Any CPU.ActiveCfg = Debug|Any CPU
		{5A553CC2-3F8A-45A7-94CE-0771F3F041E1}.Debug|Any CPU.Build.0 = Debug|Any CPU
		{5A553CC2-3F8A-45A7-94CE-0771F3F041E1}.Debug|ARM.ActiveCfg = Debug|Any CPU
		{5A553CC2-3F8A-45A7-94CE-0771F3F041E1}.Debug|ARM.Build.0 = Debug|Any CPU
		{5A553CC2-3F8A-45A7-94CE-0771F3F041E1}.Debug|Mixed Platforms.ActiveCfg = Debug|Any CPU
		{5A553CC2-3F8A-45A7-94CE-0771F3F041E1}.Debug|Mixed Platforms.Build.0 = Debug|Any CPU
		{5A553CC2-3F8A-45A7-94CE-0771F3F041E1}.Debug|x64.ActiveCfg = Debug|Any CPU
		{5A553CC2-3F8A-45A7-94CE-0771F3F041E1}.Debug|x64.Build.0 = Debug|Any CPU
		{5A553CC2-3F8A-45A7-94CE-0771F3F041E1}.Debug|x86.ActiveCfg = Debug|Any CPU
		{5A553CC2-3F8A-45A7-94CE-0771F3F041E1}.Debug|x86.Build.0 = Debug|Any CPU
		{5A553CC2-3F8A-45A7-94CE-0771F3F041E1}.Release|Any CPU.ActiveCfg = Release|Any CPU
		{5A553CC2-3F8A-45A7-94CE-0771F3F041E1}.Release|Any CPU.Build.0 = Release|Any CPU
		{5A553CC2-3F8A-45A7-94CE-0771F3F041E1}.Release|ARM.ActiveCfg = Release|Any CPU
		{5A553CC2-3F8A-45A7-94CE-0771F3F041E1}.Release|ARM.Build.0 = Release|Any CPU
		{5A553CC2-3F8A-45A7-94CE-0771F3F041E1}.Release|Mixed Platforms.ActiveCfg = Release|Any CPU
		{5A553CC2-3F8A-45A7-94CE-0771F3F041E1}.Release|Mixed Platforms.Build.0 = Release|Any CPU
		{5A553CC2-3F8A-45A7-94CE-0771F3F041E1}.Release|x64.ActiveCfg = Release|Any CPU
		{5A553CC2-3F8A-45A7-94CE-0771F3F041E1}.Release|x64.Build.0 = Release|Any CPU
		{5A553CC2-3F8A-45A7-94CE-0771F3F041E1}.Release|x86.ActiveCfg = Release|Any CPU
		{5A553CC2-3F8A-45A7-94CE-0771F3F041E1}.Release|x86.Build.0 = Release|Any CPU
		{2AF16B52-4334-45CE-B3DB-B005D5690575}.Debug|Any CPU.ActiveCfg = Debug|Any CPU
		{2AF16B52-4334-45CE-B3DB-B005D5690575}.Debug|Any CPU.Build.0 = Debug|Any CPU
		{2AF16B52-4334-45CE-B3DB-B005D5690575}.Debug|ARM.ActiveCfg = Debug|Any CPU
		{2AF16B52-4334-45CE-B3DB-B005D5690575}.Debug|ARM.Build.0 = Debug|Any CPU
		{2AF16B52-4334-45CE-B3DB-B005D5690575}.Debug|Mixed Platforms.ActiveCfg = Debug|Any CPU
		{2AF16B52-4334-45CE-B3DB-B005D5690575}.Debug|Mixed Platforms.Build.0 = Debug|Any CPU
		{2AF16B52-4334-45CE-B3DB-B005D5690575}.Debug|x64.ActiveCfg = Debug|Any CPU
		{2AF16B52-4334-45CE-B3DB-B005D5690575}.Debug|x64.Build.0 = Debug|Any CPU
		{2AF16B52-4334-45CE-B3DB-B005D5690575}.Debug|x86.ActiveCfg = Debug|Any CPU
		{2AF16B52-4334-45CE-B3DB-B005D5690575}.Debug|x86.Build.0 = Debug|Any CPU
		{2AF16B52-4334-45CE-B3DB-B005D5690575}.Release|Any CPU.ActiveCfg = Release|Any CPU
		{2AF16B52-4334-45CE-B3DB-B005D5690575}.Release|Any CPU.Build.0 = Release|Any CPU
		{2AF16B52-4334-45CE-B3DB-B005D5690575}.Release|ARM.ActiveCfg = Release|Any CPU
		{2AF16B52-4334-45CE-B3DB-B005D5690575}.Release|ARM.Build.0 = Release|Any CPU
		{2AF16B52-4334-45CE-B3DB-B005D5690575}.Release|Mixed Platforms.ActiveCfg = Release|Any CPU
		{2AF16B52-4334-45CE-B3DB-B005D5690575}.Release|Mixed Platforms.Build.0 = Release|Any CPU
		{2AF16B52-4334-45CE-B3DB-B005D5690575}.Release|x64.ActiveCfg = Release|Any CPU
		{2AF16B52-4334-45CE-B3DB-B005D5690575}.Release|x64.Build.0 = Release|Any CPU
		{2AF16B52-4334-45CE-B3DB-B005D5690575}.Release|x86.ActiveCfg = Release|Any CPU
		{2AF16B52-4334-45CE-B3DB-B005D5690575}.Release|x86.Build.0 = Release|Any CPU
		{E68DD6C6-82DD-4837-BC94-431E6C41B6FE}.Debug|Any CPU.ActiveCfg = Debug|Any CPU
		{E68DD6C6-82DD-4837-BC94-431E6C41B6FE}.Debug|Any CPU.Build.0 = Debug|Any CPU
		{E68DD6C6-82DD-4837-BC94-431E6C41B6FE}.Debug|ARM.ActiveCfg = Debug|Any CPU
		{E68DD6C6-82DD-4837-BC94-431E6C41B6FE}.Debug|ARM.Build.0 = Debug|Any CPU
		{E68DD6C6-82DD-4837-BC94-431E6C41B6FE}.Debug|Mixed Platforms.ActiveCfg = Debug|Any CPU
		{E68DD6C6-82DD-4837-BC94-431E6C41B6FE}.Debug|Mixed Platforms.Build.0 = Debug|Any CPU
		{E68DD6C6-82DD-4837-BC94-431E6C41B6FE}.Debug|x64.ActiveCfg = Debug|Any CPU
		{E68DD6C6-82DD-4837-BC94-431E6C41B6FE}.Debug|x64.Build.0 = Debug|Any CPU
		{E68DD6C6-82DD-4837-BC94-431E6C41B6FE}.Debug|x86.ActiveCfg = Debug|Any CPU
		{E68DD6C6-82DD-4837-BC94-431E6C41B6FE}.Debug|x86.Build.0 = Debug|Any CPU
		{E68DD6C6-82DD-4837-BC94-431E6C41B6FE}.Release|Any CPU.ActiveCfg = Release|Any CPU
		{E68DD6C6-82DD-4837-BC94-431E6C41B6FE}.Release|Any CPU.Build.0 = Release|Any CPU
		{E68DD6C6-82DD-4837-BC94-431E6C41B6FE}.Release|ARM.ActiveCfg = Release|Any CPU
		{E68DD6C6-82DD-4837-BC94-431E6C41B6FE}.Release|ARM.Build.0 = Release|Any CPU
		{E68DD6C6-82DD-4837-BC94-431E6C41B6FE}.Release|Mixed Platforms.ActiveCfg = Release|Any CPU
		{E68DD6C6-82DD-4837-BC94-431E6C41B6FE}.Release|Mixed Platforms.Build.0 = Release|Any CPU
		{E68DD6C6-82DD-4837-BC94-431E6C41B6FE}.Release|x64.ActiveCfg = Release|Any CPU
		{E68DD6C6-82DD-4837-BC94-431E6C41B6FE}.Release|x64.Build.0 = Release|Any CPU
		{E68DD6C6-82DD-4837-BC94-431E6C41B6FE}.Release|x86.ActiveCfg = Release|Any CPU
		{E68DD6C6-82DD-4837-BC94-431E6C41B6FE}.Release|x86.Build.0 = Release|Any CPU
		{377EC4B4-461A-44ED-8719-5A0B799F00D9}.Debug|Any CPU.ActiveCfg = Debug|Any CPU
		{377EC4B4-461A-44ED-8719-5A0B799F00D9}.Debug|Any CPU.Build.0 = Debug|Any CPU
		{377EC4B4-461A-44ED-8719-5A0B799F00D9}.Debug|ARM.ActiveCfg = Debug|Any CPU
		{377EC4B4-461A-44ED-8719-5A0B799F00D9}.Debug|ARM.Build.0 = Debug|Any CPU
		{377EC4B4-461A-44ED-8719-5A0B799F00D9}.Debug|Mixed Platforms.ActiveCfg = Debug|Any CPU
		{377EC4B4-461A-44ED-8719-5A0B799F00D9}.Debug|Mixed Platforms.Build.0 = Debug|Any CPU
		{377EC4B4-461A-44ED-8719-5A0B799F00D9}.Debug|x64.ActiveCfg = Debug|Any CPU
		{377EC4B4-461A-44ED-8719-5A0B799F00D9}.Debug|x64.Build.0 = Debug|Any CPU
		{377EC4B4-461A-44ED-8719-5A0B799F00D9}.Debug|x86.ActiveCfg = Debug|Any CPU
		{377EC4B4-461A-44ED-8719-5A0B799F00D9}.Debug|x86.Build.0 = Debug|Any CPU
		{377EC4B4-461A-44ED-8719-5A0B799F00D9}.Release|Any CPU.ActiveCfg = Release|Any CPU
		{377EC4B4-461A-44ED-8719-5A0B799F00D9}.Release|Any CPU.Build.0 = Release|Any CPU
		{377EC4B4-461A-44ED-8719-5A0B799F00D9}.Release|ARM.ActiveCfg = Release|Any CPU
		{377EC4B4-461A-44ED-8719-5A0B799F00D9}.Release|ARM.Build.0 = Release|Any CPU
		{377EC4B4-461A-44ED-8719-5A0B799F00D9}.Release|Mixed Platforms.ActiveCfg = Release|Any CPU
		{377EC4B4-461A-44ED-8719-5A0B799F00D9}.Release|Mixed Platforms.Build.0 = Release|Any CPU
		{377EC4B4-461A-44ED-8719-5A0B799F00D9}.Release|x64.ActiveCfg = Release|Any CPU
		{377EC4B4-461A-44ED-8719-5A0B799F00D9}.Release|x64.Build.0 = Release|Any CPU
		{377EC4B4-461A-44ED-8719-5A0B799F00D9}.Release|x86.ActiveCfg = Release|Any CPU
		{377EC4B4-461A-44ED-8719-5A0B799F00D9}.Release|x86.Build.0 = Release|Any CPU
		{0A1F6926-5B7B-4240-A539-951ACFDC980C}.Debug|Any CPU.ActiveCfg = Debug|Any CPU
		{0A1F6926-5B7B-4240-A539-951ACFDC980C}.Debug|Any CPU.Build.0 = Debug|Any CPU
		{0A1F6926-5B7B-4240-A539-951ACFDC980C}.Debug|ARM.ActiveCfg = Debug|Any CPU
		{0A1F6926-5B7B-4240-A539-951ACFDC980C}.Debug|ARM.Build.0 = Debug|Any CPU
		{0A1F6926-5B7B-4240-A539-951ACFDC980C}.Debug|Mixed Platforms.ActiveCfg = Debug|Any CPU
		{0A1F6926-5B7B-4240-A539-951ACFDC980C}.Debug|Mixed Platforms.Build.0 = Debug|Any CPU
		{0A1F6926-5B7B-4240-A539-951ACFDC980C}.Debug|x64.ActiveCfg = Debug|Any CPU
		{0A1F6926-5B7B-4240-A539-951ACFDC980C}.Debug|x64.Build.0 = Debug|Any CPU
		{0A1F6926-5B7B-4240-A539-951ACFDC980C}.Debug|x86.ActiveCfg = Debug|Any CPU
		{0A1F6926-5B7B-4240-A539-951ACFDC980C}.Debug|x86.Build.0 = Debug|Any CPU
		{0A1F6926-5B7B-4240-A539-951ACFDC980C}.Release|Any CPU.ActiveCfg = Release|Any CPU
		{0A1F6926-5B7B-4240-A539-951ACFDC980C}.Release|Any CPU.Build.0 = Release|Any CPU
		{0A1F6926-5B7B-4240-A539-951ACFDC980C}.Release|ARM.ActiveCfg = Release|Any CPU
		{0A1F6926-5B7B-4240-A539-951ACFDC980C}.Release|ARM.Build.0 = Release|Any CPU
		{0A1F6926-5B7B-4240-A539-951ACFDC980C}.Release|Mixed Platforms.ActiveCfg = Release|Any CPU
		{0A1F6926-5B7B-4240-A539-951ACFDC980C}.Release|Mixed Platforms.Build.0 = Release|Any CPU
		{0A1F6926-5B7B-4240-A539-951ACFDC980C}.Release|x64.ActiveCfg = Release|Any CPU
		{0A1F6926-5B7B-4240-A539-951ACFDC980C}.Release|x64.Build.0 = Release|Any CPU
		{0A1F6926-5B7B-4240-A539-951ACFDC980C}.Release|x86.ActiveCfg = Release|Any CPU
		{0A1F6926-5B7B-4240-A539-951ACFDC980C}.Release|x86.Build.0 = Release|Any CPU
	EndGlobalSection
	GlobalSection(SolutionProperties) = preSolution
		HideSolutionNode = FALSE
	EndGlobalSection
	GlobalSection(ExtensibilityGlobals) = postSolution
		SolutionGuid = {CB68AA22-227E-4B40-8523-AD7034923124}
	EndGlobalSection
	GlobalSection(TestCaseManagementSettings) = postSolution
		CategoryFile = DotNetZip.vsmdi
	EndGlobalSection
EndGlobal
