
Microsoft Visual Studio Solution File, Format Version 12.00
# Visual Studio Express 2012 for Windows Desktop
Project("{FAE04EC0-301F-11D3-BF4B-00C04F79EFBC}") = "nUpdate Administration", "nUpdate Administration\nUpdate Administration.csproj", "{804F7359-BD07-4C8D-A126-A863CD27AA4D}"
EndProject
Global
	GlobalSection(SolutionConfigurationPlatforms) = preSolution
		Debug|Any CPU = Debug|Any CPU
		Release|Any CPU = Release|Any CPU
	EndGlobalSection
	GlobalSection(ProjectConfigurationPlatforms) = postSolution
		{804F7359-BD07-4C8D-A126-A863CD27AA4D}.Debug|Any CPU.ActiveCfg = Debug|Any CPU
		{804F7359-BD07-4C8D-A126-A863CD27AA4D}.Debug|Any CPU.Build.0 = Debug|Any CPU
		{804F7359-BD07-4C8D-A126-A863CD27AA4D}.Release|Any CPU.ActiveCfg = Release|Any CPU
		{804F7359-BD07-4C8D-A126-A863CD27AA4D}.Release|Any CPU.Build.0 = Release|Any CPU
	EndGlobalSection
	GlobalSection(SolutionProperties) = preSolution
		HideSolutionNode = FALSE
	EndGlobalSection
EndGlobal
