{
  "name": "nupdate.administration.nodebackend",
  "version": "1.0.0",
  "lockfileVersion": 1,
  "requires": true,
  "dependencies": {
    "node-json-rpc": {
      "version": "0.0.1",
      "resolved": "https://registry.npmjs.org/node-json-rpc/-/node-json-rpc-0.0.1.tgz",
      "integrity": "sha1-jmn4dwgmXoQibiXuCIRoJT8tSRo="
    }
  }
}
